
Microsoft Visual Studio Solution File, Format Version 12.00
# Visual Studio Version 16
VisualStudioVersion = 16.0.31729.503
MinimumVisualStudioVersion = 10.0.40219.1
Project("{9A19103F-16F7-4668-BE54-9A1E7A4F7556}") = "CreatePDF", "CreatePDF\CreatePDF.csproj", "{20B2B2A9-38AF-44D0-BD97-8FEDBFD8402D}"
EndProject
Project("{9A19103F-16F7-4668-BE54-9A1E7A4F7556}") = "UpdateDataTemplate", "CreatePDFLogic\UpdateDataTemplate.csproj", "{651ECF02-9878-4F82-8F07-F0B3AA1F1748}"
EndProject
Global
	GlobalSection(SolutionConfigurationPlatforms) = preSolution
		Debug|Any CPU = Debug|Any CPU
		Release|Any CPU = Release|Any CPU
	EndGlobalSection
	GlobalSection(ProjectConfigurationPlatforms) = postSolution
		{20B2B2A9-38AF-44D0-BD97-8FEDBFD8402D}.Debug|Any CPU.ActiveCfg = Debug|Any CPU
		{20B2B2A9-38AF-44D0-BD97-8FEDBFD8402D}.Debug|Any CPU.Build.0 = Debug|Any CPU
		{20B2B2A9-38AF-44D0-BD97-8FEDBFD8402D}.Release|Any CPU.ActiveCfg = Release|Any CPU
		{20B2B2A9-38AF-44D0-BD97-8FEDBFD8402D}.Release|Any CPU.Build.0 = Release|Any CPU
		{651ECF02-9878-4F82-8F07-F0B3AA1F1748}.Debug|Any CPU.ActiveCfg = Debug|Any CPU
		{651ECF02-9878-4F82-8F07-F0B3AA1F1748}.Debug|Any CPU.Build.0 = Debug|Any CPU
		{651ECF02-9878-4F82-8F07-F0B3AA1F1748}.Release|Any CPU.ActiveCfg = Release|Any CPU
		{651ECF02-9878-4F82-8F07-F0B3AA1F1748}.Release|Any CPU.Build.0 = Release|Any CPU
	EndGlobalSection
	GlobalSection(SolutionProperties) = preSolution
		HideSolutionNode = FALSE
	EndGlobalSection
	GlobalSection(ExtensibilityGlobals) = postSolution
		SolutionGuid = {CDD278FF-E5F6-4864-9923-0C952FE7689F}
	EndGlobalSection
EndGlobal
